
Microsoft Visual Studio Solution File, Format Version 12.00
# Visual Studio Version 16
VisualStudioVersion = 16.0.29911.84
MinimumVisualStudioVersion = 10.0.40219.1
Project("{9A19103F-16F7-4668-BE54-9A1E7A4F7556}") = "Blog.Entities", "Blog.Entities\Blog.Entities.csproj", "{06426003-A362-4580-A815-81EC18A94C47}"
EndProject
Project("{9A19103F-16F7-4668-BE54-9A1E7A4F7556}") = "Blog.DataAccess", "Blog.DataAccess\Blog.DataAccess.csproj", "{0B39B4F7-EBBD-4276-BC13-0BA1ABCED48E}"
EndProject
Project("{9A19103F-16F7-4668-BE54-9A1E7A4F7556}") = "Blog.Business", "Blog.Business\Blog.Business.csproj", "{6B869376-C418-4848-A586-73A4BC518C03}"
EndProject
Project("{FAE04EC0-301F-11D3-BF4B-00C04F79EFBC}") = "Blog.WebApi", "Blog.WebApi\Blog.WebApi.csproj", "{AD3C5AC6-EFFC-48F9-85D2-821F6BA7B575}"
EndProject
Project("{FAE04EC0-301F-11D3-BF4B-00C04F79EFBC}") = "Blog.DTO", "Blog.DTO\Blog.DTO.csproj", "{AAA1F26B-32BE-4FD1-9311-13DA22B57C3A}"
EndProject
Global
	GlobalSection(SolutionConfigurationPlatforms) = preSolution
		Debug|Any CPU = Debug|Any CPU
		Release|Any CPU = Release|Any CPU
	EndGlobalSection
	GlobalSection(ProjectConfigurationPlatforms) = postSolution
		{06426003-A362-4580-A815-81EC18A94C47}.Debug|Any CPU.ActiveCfg = Debug|Any CPU
		{06426003-A362-4580-A815-81EC18A94C47}.Debug|Any CPU.Build.0 = Debug|Any CPU
		{06426003-A362-4580-A815-81EC18A94C47}.Release|Any CPU.ActiveCfg = Release|Any CPU
		{06426003-A362-4580-A815-81EC18A94C47}.Release|Any CPU.Build.0 = Release|Any CPU
		{0B39B4F7-EBBD-4276-BC13-0BA1ABCED48E}.Debug|Any CPU.ActiveCfg = Debug|Any CPU
		{0B39B4F7-EBBD-4276-BC13-0BA1ABCED48E}.Debug|Any CPU.Build.0 = Debug|Any CPU
		{0B39B4F7-EBBD-4276-BC13-0BA1ABCED48E}.Release|Any CPU.ActiveCfg = Release|Any CPU
		{0B39B4F7-EBBD-4276-BC13-0BA1ABCED48E}.Release|Any CPU.Build.0 = Release|Any CPU
		{6B869376-C418-4848-A586-73A4BC518C03}.Debug|Any CPU.ActiveCfg = Debug|Any CPU
		{6B869376-C418-4848-A586-73A4BC518C03}.Debug|Any CPU.Build.0 = Debug|Any CPU
		{6B869376-C418-4848-A586-73A4BC518C03}.Release|Any CPU.ActiveCfg = Release|Any CPU
		{6B869376-C418-4848-A586-73A4BC518C03}.Release|Any CPU.Build.0 = Release|Any CPU
		{AD3C5AC6-EFFC-48F9-85D2-821F6BA7B575}.Debug|Any CPU.ActiveCfg = Debug|Any CPU
		{AD3C5AC6-EFFC-48F9-85D2-821F6BA7B575}.Debug|Any CPU.Build.0 = Debug|Any CPU
		{AD3C5AC6-EFFC-48F9-85D2-821F6BA7B575}.Release|Any CPU.ActiveCfg = Release|Any CPU
		{AD3C5AC6-EFFC-48F9-85D2-821F6BA7B575}.Release|Any CPU.Build.0 = Release|Any CPU
		{AAA1F26B-32BE-4FD1-9311-13DA22B57C3A}.Debug|Any CPU.ActiveCfg = Debug|Any CPU
		{AAA1F26B-32BE-4FD1-9311-13DA22B57C3A}.Debug|Any CPU.Build.0 = Debug|Any CPU
		{AAA1F26B-32BE-4FD1-9311-13DA22B57C3A}.Release|Any CPU.ActiveCfg = Release|Any CPU
		{AAA1F26B-32BE-4FD1-9311-13DA22B57C3A}.Release|Any CPU.Build.0 = Release|Any CPU
	EndGlobalSection
	GlobalSection(SolutionProperties) = preSolution
		HideSolutionNode = FALSE
	EndGlobalSection
	GlobalSection(ExtensibilityGlobals) = postSolution
		SolutionGuid = {E43CDB7B-27A6-44A5-A45A-5743CBD73C3C}
	EndGlobalSection
EndGlobal
